<Solution>
  <Folder Name="/src/harness/">
    <Project Path="src/harness/ElBruno.CopilotHarness.Admin.Web/ElBruno.CopilotHarness.Admin.Web.csproj" />
    <Project Path="src/harness/ElBruno.CopilotHarness.AppHost/ElBruno.CopilotHarness.AppHost.csproj" />
    <Project Path="src/harness/ElBruno.CopilotHarness.Evaluation.Worker/ElBruno.CopilotHarness.Evaluation.Worker.csproj" />
    <Project Path="src/harness/ElBruno.CopilotHarness.Judge.Web/ElBruno.CopilotHarness.Judge.Web.csproj" />
    <Project Path="src/harness/ElBruno.CopilotHarness.Router.Api/ElBruno.CopilotHarness.Router.Api.csproj" />
    <Project Path="src/harness/ElBruno.CopilotHarness.Router.Core/ElBruno.CopilotHarness.Router.Core.csproj" />
    <Project Path="src/harness/ElBruno.CopilotHarness.ServiceDefaults/ElBruno.CopilotHarness.ServiceDefaults.csproj" />
  </Folder>
  <Folder Name="/tests/">
    <Project Path="src/tests/DocAccuracy.Tests/DocAccuracy.Tests.csproj" />
    <Project Path="src/tests/ElBruno.CopilotHarness.Judge.Web.Tests/ElBruno.CopilotHarness.Judge.Web.Tests.csproj" />
    <Project Path="src/tests/ElBruno.CopilotHarness.Router.Api.Tests/ElBruno.CopilotHarness.Router.Api.Tests.csproj" />
    <Project Path="src/tests/Proxies.Common.Tests/Proxies.Common.Tests.csproj" />
  </Folder>
</Solution>
